
Microsoft Visual Studio Solution File, Format Version 12.00
# Visual Studio Version 17
VisualStudioVersion = 17.0.31903.59
MinimumVisualStudioVersion = 10.0.40219.1
Project("{9A19103F-16F7-4668-BE54-9A1E7A4F7556}") = "ScreenSound", "ScreenSound\ScreenSound.csproj", "{A9CCE41C-6657-42BF-AED4-F3F578033037}"
EndProject
Project("{9A19103F-16F7-4668-BE54-9A1E7A4F7556}") = "ScreenSound.API", "ScreenSound.API\ScreenSound.API.csproj", "{DF38C489-4A11-4214-9F76-F7299B2DC730}"
EndProject
Project("{9A19103F-16F7-4668-BE54-9A1E7A4F7556}") = "ScreenSound.Shared.Modelos", "ScreenSound.Shared.Modelos\ScreenSound.Shared.Modelos.csproj", "{2E94F284-25C6-44F3-8A12-8F50C638BD5B}"
EndProject
Project("{9A19103F-16F7-4668-BE54-9A1E7A4F7556}") = "ScreenSound.Shared.Dados", "ScreenSound.Shared.Dados\ScreenSound.Shared.Dados.csproj", "{DDCA4E01-EADA-4502-9158-685C20CE5CA3}"
EndProject
Project("{FAE04EC0-301F-11D3-BF4B-00C04F79EFBC}") = "ScreenSound.Web", "ScreenSound.Web\ScreenSound.Web.csproj", "{FF5719CF-6289-46A3-AF12-197EEC1C719D}"
EndProject
Global
	GlobalSection(SolutionConfigurationPlatforms) = preSolution
		Debug|Any CPU = Debug|Any CPU
		Release|Any CPU = Release|Any CPU
	EndGlobalSection
	GlobalSection(ProjectConfigurationPlatforms) = postSolution
		{A9CCE41C-6657-42BF-AED4-F3F578033037}.Debug|Any CPU.ActiveCfg = Debug|Any CPU
		{A9CCE41C-6657-42BF-AED4-F3F578033037}.Debug|Any CPU.Build.0 = Debug|Any CPU
		{A9CCE41C-6657-42BF-AED4-F3F578033037}.Release|Any CPU.ActiveCfg = Release|Any CPU
		{A9CCE41C-6657-42BF-AED4-F3F578033037}.Release|Any CPU.Build.0 = Release|Any CPU
		{DF38C489-4A11-4214-9F76-F7299B2DC730}.Debug|Any CPU.ActiveCfg = Debug|Any CPU
		{DF38C489-4A11-4214-9F76-F7299B2DC730}.Debug|Any CPU.Build.0 = Debug|Any CPU
		{DF38C489-4A11-4214-9F76-F7299B2DC730}.Release|Any CPU.ActiveCfg = Release|Any CPU
		{DF38C489-4A11-4214-9F76-F7299B2DC730}.Release|Any CPU.Build.0 = Release|Any CPU
		{2E94F284-25C6-44F3-8A12-8F50C638BD5B}.Debug|Any CPU.ActiveCfg = Debug|Any CPU
		{2E94F284-25C6-44F3-8A12-8F50C638BD5B}.Debug|Any CPU.Build.0 = Debug|Any CPU
		{2E94F284-25C6-44F3-8A12-8F50C638BD5B}.Release|Any CPU.ActiveCfg = Release|Any CPU
		{2E94F284-25C6-44F3-8A12-8F50C638BD5B}.Release|Any CPU.Build.0 = Release|Any CPU
		{DDCA4E01-EADA-4502-9158-685C20CE5CA3}.Debug|Any CPU.ActiveCfg = Debug|Any CPU
		{DDCA4E01-EADA-4502-9158-685C20CE5CA3}.Debug|Any CPU.Build.0 = Debug|Any CPU
		{DDCA4E01-EADA-4502-9158-685C20CE5CA3}.Release|Any CPU.ActiveCfg = Release|Any CPU
		{DDCA4E01-EADA-4502-9158-685C20CE5CA3}.Release|Any CPU.Build.0 = Release|Any CPU
		{FF5719CF-6289-46A3-AF12-197EEC1C719D}.Debug|Any CPU.ActiveCfg = Debug|Any CPU
		{FF5719CF-6289-46A3-AF12-197EEC1C719D}.Debug|Any CPU.Build.0 = Debug|Any CPU
		{FF5719CF-6289-46A3-AF12-197EEC1C719D}.Release|Any CPU.ActiveCfg = Release|Any CPU
		{FF5719CF-6289-46A3-AF12-197EEC1C719D}.Release|Any CPU.Build.0 = Release|Any CPU
	EndGlobalSection
	GlobalSection(SolutionProperties) = preSolution
		HideSolutionNode = FALSE
	EndGlobalSection
	GlobalSection(ExtensibilityGlobals) = postSolution
		SolutionGuid = {D2E0D710-5C9F-4C99-AB2D-642FBEA463F9}
	EndGlobalSection
EndGlobal
